
Microsoft Visual Studio Solution File, Format Version 12.00
# Visual Studio Version 17
VisualStudioVersion = 17.14.36221.1 d17.14
MinimumVisualStudioVersion = 10.0.40219.1
Project("{FAE04EC0-301F-11D3-BF4B-00C04F79EFBC}") = "RaceAnalyzer", "RaceAnalyzer.csproj", "{5EA5B997-A9E9-3409-A2EA-7D7D7773B9EF}"
EndProject
Global
	GlobalSection(SolutionConfigurationPlatforms) = preSolution
		Debug|Any CPU = Debug|Any CPU
		Release|Any CPU = Release|Any CPU
	EndGlobalSection
	GlobalSection(ProjectConfigurationPlatforms) = postSolution
		{5EA5B997-A9E9-3409-A2EA-7D7D7773B9EF}.Debug|Any CPU.ActiveCfg = Debug|Any CPU
		{5EA5B997-A9E9-3409-A2EA-7D7D7773B9EF}.Debug|Any CPU.Build.0 = Debug|Any CPU
		{5EA5B997-A9E9-3409-A2EA-7D7D7773B9EF}.Release|Any CPU.ActiveCfg = Release|Any CPU
		{5EA5B997-A9E9-3409-A2EA-7D7D7773B9EF}.Release|Any CPU.Build.0 = Release|Any CPU
	EndGlobalSection
	GlobalSection(SolutionProperties) = preSolution
		HideSolutionNode = FALSE
	EndGlobalSection
	GlobalSection(ExtensibilityGlobals) = postSolution
		SolutionGuid = {E5000E46-830E-4287-A38E-DDE4CF011711}
	EndGlobalSection
EndGlobal
